
Microsoft Visual Studio Solution File, Format Version 12.00
# Visual Studio Version 17
VisualStudioVersion = 17.5.33424.131
MinimumVisualStudioVersion = 10.0.40219.1
Project("{FAE04EC0-301F-11D3-BF4B-00C04F79EFBC}") = "MotoGP", "MotoGP\MotoGP.csproj", "{4C1FFBDE-EA12-4F86-9BFF-C160CFE52EDA}"
EndProject
Global
	GlobalSection(SolutionConfigurationPlatforms) = preSolution
		Debug|Any CPU = Debug|Any CPU
		Release|Any CPU = Release|Any CPU
	EndGlobalSection
	GlobalSection(ProjectConfigurationPlatforms) = postSolution
		{4C1FFBDE-EA12-4F86-9BFF-C160CFE52EDA}.Debug|Any CPU.ActiveCfg = Debug|Any CPU
		{4C1FFBDE-EA12-4F86-9BFF-C160CFE52EDA}.Debug|Any CPU.Build.0 = Debug|Any CPU
		{4C1FFBDE-EA12-4F86-9BFF-C160CFE52EDA}.Release|Any CPU.ActiveCfg = Release|Any CPU
		{4C1FFBDE-EA12-4F86-9BFF-C160CFE52EDA}.Release|Any CPU.Build.0 = Release|Any CPU
	EndGlobalSection
	GlobalSection(SolutionProperties) = preSolution
		HideSolutionNode = FALSE
	EndGlobalSection
	GlobalSection(ExtensibilityGlobals) = postSolution
		SolutionGuid = {CC7F9888-0077-4A6C-BFDE-C7B054E8CFFE}
	EndGlobalSection
EndGlobal
